// !$*UTF8*$!
{
	archiveVersion = 1;
	classes = {
	};
	objectVersion = 46;
	objects = {

/* Begin PBXBuildFile section */
		9210C6BDEB024677854573A9 /* libPods-BKPasscodeViewDemo.a in Frameworks */ = {isa = PBXBuildFile; fileRef = 3ABC33D963A44C07A5DBFDFB /* libPods-BKPasscodeViewDemo.a */; };
		DF1327931927DA4900B5D8CB /* BKPasscodeField.m in Sources */ = {isa = PBXBuildFile; fileRef = DF13278C1927DA4900B5D8CB /* BKPasscodeField.m */; };
		DF1327941927DA4900B5D8CB /* BKPasscodeInputView.m in Sources */ = {isa = PBXBuildFile; fileRef = DF13278E1927DA4900B5D8CB /* BKPasscodeInputView.m */; };
		DF1327951927DA4900B5D8CB /* BKPasscodeViewController.m in Sources */ = {isa = PBXBuildFile; fileRef = DF1327901927DA4900B5D8CB /* BKPasscodeViewController.m */; };
		DF1327961927DA4900B5D8CB /* BKShiftingPasscodeInputView.m in Sources */ = {isa = PBXBuildFile; fileRef = DF1327921927DA4900B5D8CB /* BKShiftingPasscodeInputView.m */; };
		DF346E4F190BF66600E850F9 /* MainViewController.m in Sources */ = {isa = PBXBuildFile; fileRef = DF346E4E190BF66600E850F9 /* MainViewController.m */; };
		DF793EDC195EA3FC00CBE33D /* BKCustomPasscodeViewController.m in Sources */ = {isa = PBXBuildFile; fileRef = DF793EDB195EA3FC00CBE33D /* BKCustomPasscodeViewController.m */; };
		DFB107B51903ECF70038FB05 /* Foundation.framework in Frameworks */ = {isa = PBXBuildFile; fileRef = DFB107B41903ECF70038FB05 /* Foundation.framework */; };
		DFB107B71903ECF70038FB05 /* CoreGraphics.framework in Frameworks */ = {isa = PBXBuildFile; fileRef = DFB107B61903ECF70038FB05 /* CoreGraphics.framework */; };
		DFB107B91903ECF70038FB05 /* UIKit.framework in Frameworks */ = {isa = PBXBuildFile; fileRef = DFB107B81903ECF70038FB05 /* UIKit.framework */; };
		DFB107BF1903ECF70038FB05 /* InfoPlist.strings in Resources */ = {isa = PBXBuildFile; fileRef = DFB107BD1903ECF70038FB05 /* InfoPlist.strings */; };
		DFB107C11903ECF70038FB05 /* main.m in Sources */ = {isa = PBXBuildFile; fileRef = DFB107C01903ECF70038FB05 /* main.m */; };
		DFB107C51903ECF70038FB05 /* AppDelegate.m in Sources */ = {isa = PBXBuildFile; fileRef = DFB107C41903ECF70038FB05 /* AppDelegate.m */; };
		DFB107C71903ECF70038FB05 /* Images.xcassets in Resources */ = {isa = PBXBuildFile; fileRef = DFB107C61903ECF70038FB05 /* Images.xcassets */; };
		DFB107CE1903ECF70038FB05 /* XCTest.framework in Frameworks */ = {isa = PBXBuildFile; fileRef = DFB107CD1903ECF70038FB05 /* XCTest.framework */; };
		DFB107CF1903ECF70038FB05 /* Foundation.framework in Frameworks */ = {isa = PBXBuildFile; fileRef = DFB107B41903ECF70038FB05 /* Foundation.framework */; };
		DFB107D01903ECF70038FB05 /* UIKit.framework in Frameworks */ = {isa = PBXBuildFile; fileRef = DFB107B81903ECF70038FB05 /* UIKit.framework */; };
		DFB107D81903ECF70038FB05 /* InfoPlist.strings in Resources */ = {isa = PBXBuildFile; fileRef = DFB107D61903ECF70038FB05 /* InfoPlist.strings */; };
		DFB107DA1903ECF70038FB05 /* BKPasscodeViewDemoTests.m in Sources */ = {isa = PBXBuildFile; fileRef = DFB107D91903ECF70038FB05 /* BKPasscodeViewDemoTests.m */; };
/* End PBXBuildFile section */

/* Begin PBXContainerItemProxy section */
		DFB107D11903ECF70038FB05 /* PBXContainerItemProxy */ = {
			isa = PBXContainerItemProxy;
			containerPortal = DFB107A91903ECF70038FB05 /* Project object */;
			proxyType = 1;
			remoteGlobalIDString = DFB107B01903ECF70038FB05;
			remoteInfo = BKPasscodeViewDemo;
		};
/* End PBXContainerItemProxy section */

/* Begin PBXFileReference section */
		3ABC33D963A44C07A5DBFDFB /* libPods-BKPasscodeViewDemo.a */ = {isa = PBXFileReference; explicitFileType = archive.ar; includeInIndex = 0; path = "libPods-BKPasscodeViewDemo.a"; sourceTree = BUILT_PRODUCTS_DIR; };
		C5ABBE7FDE09469EB79B80B2 /* Pods-BKPasscodeViewDemo.xcconfig */ = {isa = PBXFileReference; includeInIndex = 1; lastKnownFileType = text.xcconfig; name = "Pods-BKPasscodeViewDemo.xcconfig"; path = "Pods/Pods-BKPasscodeViewDemo.xcconfig"; sourceTree = "<group>"; };
		DF13278B1927DA4900B5D8CB /* BKPasscodeField.h */ = {isa = PBXFileReference; fileEncoding = 4; lastKnownFileType = sourcecode.c.h; path = BKPasscodeField.h; sourceTree = "<group>"; };
		DF13278C1927DA4900B5D8CB /* BKPasscodeField.m */ = {isa = PBXFileReference; fileEncoding = 4; lastKnownFileType = sourcecode.c.objc; path = BKPasscodeField.m; sourceTree = "<group>"; };
		DF13278D1927DA4900B5D8CB /* BKPasscodeInputView.h */ = {isa = PBXFileReference; fileEncoding = 4; lastKnownFileType = sourcecode.c.h; path = BKPasscodeInputView.h; sourceTree = "<group>"; };
		DF13278E1927DA4900B5D8CB /* BKPasscodeInputView.m */ = {isa = PBXFileReference; fileEncoding = 4; lastKnownFileType = sourcecode.c.objc; path = BKPasscodeInputView.m; sourceTree = "<group>"; };
		DF13278F1927DA4900B5D8CB /* BKPasscodeViewController.h */ = {isa = PBXFileReference; fileEncoding = 4; lastKnownFileType = sourcecode.c.h; path = BKPasscodeViewController.h; sourceTree = "<group>"; };
		DF1327901927DA4900B5D8CB /* BKPasscodeViewController.m */ = {isa = PBXFileReference; fileEncoding = 4; lastKnownFileType = sourcecode.c.objc; path = BKPasscodeViewController.m; sourceTree = "<group>"; };
		DF1327911927DA4900B5D8CB /* BKShiftingPasscodeInputView.h */ = {isa = PBXFileReference; fileEncoding = 4; lastKnownFileType = sourcecode.c.h; path = BKShiftingPasscodeInputView.h; sourceTree = "<group>"; };
		DF1327921927DA4900B5D8CB /* BKShiftingPasscodeInputView.m */ = {isa = PBXFileReference; fileEncoding = 4; lastKnownFileType = sourcecode.c.objc; path = BKShiftingPasscodeInputView.m; sourceTree = "<group>"; };
		DF346E4D190BF66600E850F9 /* MainViewController.h */ = {isa = PBXFileReference; fileEncoding = 4; lastKnownFileType = sourcecode.c.h; path = MainViewController.h; sourceTree = "<group>"; };
		DF346E4E190BF66600E850F9 /* MainViewController.m */ = {isa = PBXFileReference; fileEncoding = 4; lastKnownFileType = sourcecode.c.objc; path = MainViewController.m; sourceTree = "<group>"; };
		DF793EDA195EA3FC00CBE33D /* BKCustomPasscodeViewController.h */ = {isa = PBXFileReference; fileEncoding = 4; lastKnownFileType = sourcecode.c.h; path = BKCustomPasscodeViewController.h; sourceTree = "<group>"; };
		DF793EDB195EA3FC00CBE33D /* BKCustomPasscodeViewController.m */ = {isa = PBXFileReference; fileEncoding = 4; lastKnownFileType = sourcecode.c.objc; path = BKCustomPasscodeViewController.m; sourceTree = "<group>"; };
		DF831312190D0C7B00148DB2 /* ko */ = {isa = PBXFileReference; lastKnownFileType = text.plist.strings; name = ko; path = ko.lproj/InfoPlist.strings; sourceTree = "<group>"; };
		DFB107B11903ECF70038FB05 /* BKPasscodeViewDemo.app */ = {isa = PBXFileReference; explicitFileType = wrapper.application; includeInIndex = 0; path = BKPasscodeViewDemo.app; sourceTree = BUILT_PRODUCTS_DIR; };
		DFB107B41903ECF70038FB05 /* Foundation.framework */ = {isa = PBXFileReference; lastKnownFileType = wrapper.framework; name = Foundation.framework; path = System/Library/Frameworks/Foundation.framework; sourceTree = SDKROOT; };
		DFB107B61903ECF70038FB05 /* CoreGraphics.framework */ = {isa = PBXFileReference; lastKnownFileType = wrapper.framework; name = CoreGraphics.framework; path = System/Library/Frameworks/CoreGraphics.framework; sourceTree = SDKROOT; };
		DFB107B81903ECF70038FB05 /* UIKit.framework */ = {isa = PBXFileReference; lastKnownFileType = wrapper.framework; name = UIKit.framework; path = System/Library/Frameworks/UIKit.framework; sourceTree = SDKROOT; };
		DFB107BC1903ECF70038FB05 /* BKPasscodeViewDemo-Info.plist */ = {isa = PBXFileReference; lastKnownFileType = text.plist.xml; path = "BKPasscodeViewDemo-Info.plist"; sourceTree = "<group>"; };
		DFB107BE1903ECF70038FB05 /* en */ = {isa = PBXFileReference; lastKnownFileType = text.plist.strings; name = en; path = en.lproj/InfoPlist.strings; sourceTree = "<group>"; };
		DFB107C01903ECF70038FB05 /* main.m */ = {isa = PBXFileReference; lastKnownFileType = sourcecode.c.objc; path = main.m; sourceTree = "<group>"; };
		DFB107C21903ECF70038FB05 /* BKPasscodeViewDemo-Prefix.pch */ = {isa = PBXFileReference; lastKnownFileType = sourcecode.c.h; path = "BKPasscodeViewDemo-Prefix.pch"; sourceTree = "<group>"; };
		DFB107C31903ECF70038FB05 /* AppDelegate.h */ = {isa = PBXFileReference; lastKnownFileType = sourcecode.c.h; path = AppDelegate.h; sourceTree = "<group>"; };
		DFB107C41903ECF70038FB05 /* AppDelegate.m */ = {isa = PBXFileReference; lastKnownFileType = sourcecode.c.objc; path = AppDelegate.m; sourceTree = "<group>"; };
		DFB107C61903ECF70038FB05 /* Images.xcassets */ = {isa = PBXFileReference; lastKnownFileType = folder.assetcatalog; path = Images.xcassets; sourceTree = "<group>"; };
		DFB107CC1903ECF70038FB05 /* BKPasscodeViewDemoTests.xctest */ = {isa = PBXFileReference; explicitFileType = wrapper.cfbundle; includeInIndex = 0; path = BKPasscodeViewDemoTests.xctest; sourceTree = BUILT_PRODUCTS_DIR; };
		DFB107CD1903ECF70038FB05 /* XCTest.framework */ = {isa = PBXFileReference; lastKnownFileType = wrapper.framework; name = XCTest.framework; path = Library/Frameworks/XCTest.framework; sourceTree = DEVELOPER_DIR; };
		DFB107D51903ECF70038FB05 /* BKPasscodeViewDemoTests-Info.plist */ = {isa = PBXFileReference; lastKnownFileType = text.plist.xml; path = "BKPasscodeViewDemoTests-Info.plist"; sourceTree = "<group>"; };
		DFB107D71903ECF70038FB05 /* en */ = {isa = PBXFileReference; lastKnownFileType = text.plist.strings; name = en; path = en.lproj/InfoPlist.strings; sourceTree = "<group>"; };
		DFB107D91903ECF70038FB05 /* BKPasscodeViewDemoTests.m */ = {isa = PBXFileReference; lastKnownFileType = sourcecode.c.objc; path = BKPasscodeViewDemoTests.m; sourceTree = "<group>"; };
/* End PBXFileReference section */

/* Begin PBXFrameworksBuildPhase section */
		DFB107AE1903ECF70038FB05 /* Frameworks */ = {
			isa = PBXFrameworksBuildPhase;
			buildActionMask = 2147483647;
			files = (
				DFB107B71903ECF70038FB05 /* CoreGraphics.framework in Frameworks */,
				DFB107B91903ECF70038FB05 /* UIKit.framework in Frameworks */,
				DFB107B51903ECF70038FB05 /* Foundation.framework in Frameworks */,
				9210C6BDEB024677854573A9 /* libPods-BKPasscodeViewDemo.a in Frameworks */,
			);
			runOnlyForDeploymentPostprocessing = 0;
		};
		DFB107C91903ECF70038FB05 /* Frameworks */ = {
			isa = PBXFrameworksBuildPhase;
			buildActionMask = 2147483647;
			files = (
				DFB107CE1903ECF70038FB05 /* XCTest.framework in Frameworks */,
				DFB107D01903ECF70038FB05 /* UIKit.framework in Frameworks */,
				DFB107CF1903ECF70038FB05 /* Foundation.framework in Frameworks */,
			);
			runOnlyForDeploymentPostprocessing = 0;
		};
/* End PBXFrameworksBuildPhase section */

/* Begin PBXGroup section */
		DF13278A1927DA4900B5D8CB /* BKPasscodeView */ = {
			isa = PBXGroup;
			children = (
				DF13278B1927DA4900B5D8CB /* BKPasscodeField.h */,
				DF13278C1927DA4900B5D8CB /* BKPasscodeField.m */,
				DF13278D1927DA4900B5D8CB /* BKPasscodeInputView.h */,
				DF13278E1927DA4900B5D8CB /* BKPasscodeInputView.m */,
				DF1327911927DA4900B5D8CB /* BKShiftingPasscodeInputView.h */,
				DF1327921927DA4900B5D8CB /* BKShiftingPasscodeInputView.m */,
				DF13278F1927DA4900B5D8CB /* BKPasscodeViewController.h */,
				DF1327901927DA4900B5D8CB /* BKPasscodeViewController.m */,
				DF793EDA195EA3FC00CBE33D /* BKCustomPasscodeViewController.h */,
				DF793EDB195EA3FC00CBE33D /* BKCustomPasscodeViewController.m */,
			);
			path = BKPasscodeView;
			sourceTree = "<group>";
		};
		DFB107A81903ECF70038FB05 = {
			isa = PBXGroup;
			children = (
				DF13278A1927DA4900B5D8CB /* BKPasscodeView */,
				DFB107BA1903ECF70038FB05 /* BKPasscodeViewDemo */,
				DFB107D31903ECF70038FB05 /* BKPasscodeViewDemoTests */,
				DFB107B31903ECF70038FB05 /* Frameworks */,
				DFB107B21903ECF70038FB05 /* Products */,
				C5ABBE7FDE09469EB79B80B2 /* Pods-BKPasscodeViewDemo.xcconfig */,
			);
			sourceTree = "<group>";
		};
		DFB107B21903ECF70038FB05 /* Products */ = {
			isa = PBXGroup;
			children = (
				DFB107B11903ECF70038FB05 /* BKPasscodeViewDemo.app */,
				DFB107CC1903ECF70038FB05 /* BKPasscodeViewDemoTests.xctest */,
			);
			name = Products;
			sourceTree = "<group>";
		};
		DFB107B31903ECF70038FB05 /* Frameworks */ = {
			isa = PBXGroup;
			children = (
				DFB107B41903ECF70038FB05 /* Foundation.framework */,
				DFB107B61903ECF70038FB05 /* CoreGraphics.framework */,
				DFB107B81903ECF70038FB05 /* UIKit.framework */,
				DFB107CD1903ECF70038FB05 /* XCTest.framework */,
				3ABC33D963A44C07A5DBFDFB /* libPods-BKPasscodeViewDemo.a */,
			);
			name = Frameworks;
			sourceTree = "<group>";
		};
		DFB107BA1903ECF70038FB05 /* BKPasscodeViewDemo */ = {
			isa = PBXGroup;
			children = (
				DFB107C31903ECF70038FB05 /* AppDelegate.h */,
				DFB107C41903ECF70038FB05 /* AppDelegate.m */,
				DF346E4D190BF66600E850F9 /* MainViewController.h */,
				DF346E4E190BF66600E850F9 /* MainViewController.m */,
				DFB107C61903ECF70038FB05 /* Images.xcassets */,
				DFB107BB1903ECF70038FB05 /* Supporting Files */,
			);
			path = BKPasscodeViewDemo;
			sourceTree = "<group>";
		};
		DFB107BB1903ECF70038FB05 /* Supporting Files */ = {
			isa = PBXGroup;
			children = (
				DFB107BC1903ECF70038FB05 /* BKPasscodeViewDemo-Info.plist */,
				DFB107BD1903ECF70038FB05 /* InfoPlist.strings */,
				DFB107C01903ECF70038FB05 /* main.m */,
				DFB107C21903ECF70038FB05 /* BKPasscodeViewDemo-Prefix.pch */,
			);
			name = "Supporting Files";
			sourceTree = "<group>";
		};
		DFB107D31903ECF70038FB05 /* BKPasscodeViewDemoTests */ = {
			isa = PBXGroup;
			children = (
				DFB107D91903ECF70038FB05 /* BKPasscodeViewDemoTests.m */,
				DFB107D41903ECF70038FB05 /* Supporting Files */,
			);
			path = BKPasscodeViewDemoTests;
			sourceTree = "<group>";
		};
		DFB107D41903ECF70038FB05 /* Supporting Files */ = {
			isa = PBXGroup;
			children = (
				DFB107D51903ECF70038FB05 /* BKPasscodeViewDemoTests-Info.plist */,
				DFB107D61903ECF70038FB05 /* InfoPlist.strings */,
			);
			name = "Supporting Files";
			sourceTree = "<group>";
		};
/* End PBXGroup section */

/* Begin PBXNativeTarget section */
		DFB107B01903ECF70038FB05 /* BKPasscodeViewDemo */ = {
			isa = PBXNativeTarget;
			buildConfigurationList = DFB107DD1903ECF70038FB05 /* Build configuration list for PBXNativeTarget "BKPasscodeViewDemo" */;
			buildPhases = (
				1E876CF7E4B34E0BB647D081 /* Check Pods Manifest.lock */,
				DFB107AD1903ECF70038FB05 /* Sources */,
				DFB107AE1903ECF70038FB05 /* Frameworks */,
				DFB107AF1903ECF70038FB05 /* Resources */,
				D00C41506E3D446FB304120A /* Copy Pods Resources */,
			);
			buildRules = (
			);
			dependencies = (
			);
			name = BKPasscodeViewDemo;
			productName = BKPasscodeViewDemo;
			productReference = DFB107B11903ECF70038FB05 /* BKPasscodeViewDemo.app */;
			productType = "com.apple.product-type.application";
		};
		DFB107CB1903ECF70038FB05 /* BKPasscodeViewDemoTests */ = {
			isa = PBXNativeTarget;
			buildConfigurationList = DFB107E01903ECF70038FB05 /* Build configuration list for PBXNativeTarget "BKPasscodeViewDemoTests" */;
			buildPhases = (
				DFB107C81903ECF70038FB05 /* Sources */,
				DFB107C91903ECF70038FB05 /* Frameworks */,
				DFB107CA1903ECF70038FB05 /* Resources */,
			);
			buildRules = (
			);
			dependencies = (
				DFB107D21903ECF70038FB05 /* PBXTargetDependency */,
			);
			name = BKPasscodeViewDemoTests;
			productName = BKPasscodeViewDemoTests;
			productReference = DFB107CC1903ECF70038FB05 /* BKPasscodeViewDemoTests.xctest */;
			productType = "com.apple.product-type.bundle.unit-test";
		};
/* End PBXNativeTarget section */

/* Begin PBXProject section */
		DFB107A91903ECF70038FB05 /* Project object */ = {
			isa = PBXProject;
			attributes = {
				LastUpgradeCheck = 0510;
				ORGANIZATIONNAME = "Byungkook Jang";
				TargetAttributes = {
					DFB107B01903ECF70038FB05 = {
						DevelopmentTeam = VK4AQ7RN7A;
					};
					DFB107CB1903ECF70038FB05 = {
						TestTargetID = DFB107B01903ECF70038FB05;
					};
				};
			};
			buildConfigurationList = DFB107AC1903ECF70038FB05 /* Build configuration list for PBXProject "BKPasscodeViewDemo" */;
			compatibilityVersion = "Xcode 3.2";
			developmentRegion = English;
			hasScannedForEncodings = 0;
			knownRegions = (
				en,
				ko,
			);
			mainGroup = DFB107A81903ECF70038FB05;
			productRefGroup = DFB107B21903ECF70038FB05 /* Products */;
			projectDirPath = "";
			projectRoot = "";
			targets = (
				DFB107B01903ECF70038FB05 /* BKPasscodeViewDemo */,
				DFB107CB1903ECF70038FB05 /* BKPasscodeViewDemoTests */,
			);
		};
/* End PBXProject section */

/* Begin PBXResourcesBuildPhase section */
		DFB107AF1903ECF70038FB05 /* Resources */ = {
			isa = PBXResourcesBuildPhase;
			buildActionMask = 2147483647;
			files = (
				DFB107BF1903ECF70038FB05 /* InfoPlist.strings in Resources */,
				DFB107C71903ECF70038FB05 /* Images.xcassets in Resources */,
			);
			runOnlyForDeploymentPostprocessing = 0;
		};
		DFB107CA1903ECF70038FB05 /* Resources */ = {
			isa = PBXResourcesBuildPhase;
			buildActionMask = 2147483647;
			files = (
				DFB107D81903ECF70038FB05 /* InfoPlist.strings in Resources */,
			);
			runOnlyForDeploymentPostprocessing = 0;
		};
/* End PBXResourcesBuildPhase section */

/* Begin PBXShellScriptBuildPhase section */
		1E876CF7E4B34E0BB647D081 /* Check Pods Manifest.lock */ = {
			isa = PBXShellScriptBuildPhase;
			buildActionMask = 2147483647;
			files = (
			);
			inputPaths = (
			);
			name = "Check Pods Manifest.lock";
			outputPaths = (
			);
			runOnlyForDeploymentPostprocessing = 0;
			shellPath = /bin/sh;
			shellScript = "diff \"${PODS_ROOT}/../Podfile.lock\" \"${PODS_ROOT}/Manifest.lock\" > /dev/null\nif [[ $? != 0 ]] ; then\n    cat << EOM\nerror: The sandbox is not in sync with the Podfile.lock. Run 'pod install' or update your CocoaPods installation.\nEOM\n    exit 1\nfi\n";
			showEnvVarsInLog = 0;
		};
		D00C41506E3D446FB304120A /* Copy Pods Resources */ = {
			isa = PBXShellScriptBuildPhase;
			buildActionMask = 2147483647;
			files = (
			);
			inputPaths = (
			);
			name = "Copy Pods Resources";
			outputPaths = (
			);
			runOnlyForDeploymentPostprocessing = 0;
			shellPath = /bin/sh;
			shellScript = "\"${SRCROOT}/Pods/Pods-BKPasscodeViewDemo-resources.sh\"\n";
			showEnvVarsInLog = 0;
		};
/* End PBXShellScriptBuildPhase section */

/* Begin PBXSourcesBuildPhase section */
		DFB107AD1903ECF70038FB05 /* Sources */ = {
			isa = PBXSourcesBuildPhase;
			buildActionMask = 2147483647;
			files = (
				DF1327951927DA4900B5D8CB /* BKPasscodeViewController.m in Sources */,
				DF1327931927DA4900B5D8CB /* BKPasscodeField.m in Sources */,
				DFB107C51903ECF70038FB05 /* AppDelegate.m in Sources */,
				DF346E4F190BF66600E850F9 /* MainViewController.m in Sources */,
				DF1327941927DA4900B5D8CB /* BKPasscodeInputView.m in Sources */,
				DF1327961927DA4900B5D8CB /* BKShiftingPasscodeInputView.m in Sources */,
				DF793EDC195EA3FC00CBE33D /* BKCustomPasscodeViewController.m in Sources */,
				DFB107C11903ECF70038FB05 /* main.m in Sources */,
			);
			runOnlyForDeploymentPostprocessing = 0;
		};
		DFB107C81903ECF70038FB05 /* Sources */ = {
			isa = PBXSourcesBuildPhase;
			buildActionMask = 2147483647;
			files = (
				DFB107DA1903ECF70038FB05 /* BKPasscodeViewDemoTests.m in Sources */,
			);
			runOnlyForDeploymentPostprocessing = 0;
		};
/* End PBXSourcesBuildPhase section */

/* Begin PBXTargetDependency section */
		DFB107D21903ECF70038FB05 /* PBXTargetDependency */ = {
			isa = PBXTargetDependency;
			target = DFB107B01903ECF70038FB05 /* BKPasscodeViewDemo */;
			targetProxy = DFB107D11903ECF70038FB05 /* PBXContainerItemProxy */;
		};
/* End PBXTargetDependency section */

/* Begin PBXVariantGroup section */
		DFB107BD1903ECF70038FB05 /* InfoPlist.strings */ = {
			isa = PBXVariantGroup;
			children = (
				DFB107BE1903ECF70038FB05 /* en */,
			);
			name = InfoPlist.strings;
			sourceTree = "<group>";
		};
		DFB107D61903ECF70038FB05 /* InfoPlist.strings */ = {
			isa = PBXVariantGroup;
			children = (
				DFB107D71903ECF70038FB05 /* en */,
				DF831312190D0C7B00148DB2 /* ko */,
			);
			name = InfoPlist.strings;
			sourceTree = "<group>";
		};
/* End PBXVariantGroup section */

/* Begin XCBuildConfiguration section */
		DFB107DB1903ECF70038FB05 /* Debug */ = {
			isa = XCBuildConfiguration;
			buildSettings = {
				ALWAYS_SEARCH_USER_PATHS = NO;
				CLANG_CXX_LANGUAGE_STANDARD = "gnu++0x";
				CLANG_CXX_LIBRARY = "libc++";
				CLANG_ENABLE_MODULES = YES;
				CLANG_ENABLE_OBJC_ARC = YES;
				CLANG_WARN_BOOL_CONVERSION = YES;
				CLANG_WARN_CONSTANT_CONVERSION = YES;
				CLANG_WARN_DIRECT_OBJC_ISA_USAGE = YES_ERROR;
				CLANG_WARN_EMPTY_BODY = YES;
				CLANG_WARN_ENUM_CONVERSION = YES;
				CLANG_WARN_INT_CONVERSION = YES;
				CLANG_WARN_OBJC_ROOT_CLASS = YES_ERROR;
				CLANG_WARN__DUPLICATE_METHOD_MATCH = YES;
				"CODE_SIGN_IDENTITY[sdk=iphoneos*]" = "iPhone Developer";
				COPY_PHASE_STRIP = NO;
				GCC_C_LANGUAGE_STANDARD = gnu99;
				GCC_DYNAMIC_NO_PIC = NO;
				GCC_OPTIMIZATION_LEVEL = 0;
				GCC_PREPROCESSOR_DEFINITIONS = (
					"DEBUG=1",
					"$(inherited)",
				);
				GCC_SYMBOLS_PRIVATE_EXTERN = NO;
				GCC_WARN_64_TO_32_BIT_CONVERSION = YES;
				GCC_WARN_ABOUT_RETURN_TYPE = YES_ERROR;
				GCC_WARN_UNDECLARED_SELECTOR = YES;
				GCC_WARN_UNINITIALIZED_AUTOS = YES_AGGRESSIVE;
				GCC_WARN_UNUSED_FUNCTION = YES;
				GCC_WARN_UNUSED_VARIABLE = YES;
				IPHONEOS_DEPLOYMENT_TARGET = 6.0;
				ONLY_ACTIVE_ARCH = YES;
				SDKROOT = iphoneos;
			};
			name = Debug;
		};
		DFB107DC1903ECF70038FB05 /* Release */ = {
			isa = XCBuildConfiguration;
			buildSettings = {
				ALWAYS_SEARCH_USER_PATHS = NO;
				CLANG_CXX_LANGUAGE_STANDARD = "gnu++0x";
				CLANG_CXX_LIBRARY = "libc++";
				CLANG_ENABLE_MODULES = YES;
				CLANG_ENABLE_OBJC_ARC = YES;
				CLANG_WARN_BOOL_CONVERSION = YES;
				CLANG_WARN_CONSTANT_CONVERSION = YES;
				CLANG_WARN_DIRECT_OBJC_ISA_USAGE = YES_ERROR;
				CLANG_WARN_EMPTY_BODY = YES;
				CLANG_WARN_ENUM_CONVERSION = YES;
				CLANG_WARN_INT_CONVERSION = YES;
				CLANG_WARN_OBJC_ROOT_CLASS = YES_ERROR;
				CLANG_WARN__DUPLICATE_METHOD_MATCH = YES;
				"CODE_SIGN_IDENTITY[sdk=iphoneos*]" = "iPhone Developer";
				COPY_PHASE_STRIP = YES;
				ENABLE_NS_ASSERTIONS = NO;
				GCC_C_LANGUAGE_STANDARD = gnu99;
				GCC_WARN_64_TO_32_BIT_CONVERSION = YES;
				GCC_WARN_ABOUT_RETURN_TYPE = YES_ERROR;
				GCC_WARN_UNDECLARED_SELECTOR = YES;
				GCC_WARN_UNINITIALIZED_AUTOS = YES_AGGRESSIVE;
				GCC_WARN_UNUSED_FUNCTION = YES;
				GCC_WARN_UNUSED_VARIABLE = YES;
				IPHONEOS_DEPLOYMENT_TARGET = 6.0;
				SDKROOT = iphoneos;
				VALIDATE_PRODUCT = YES;
			};
			name = Release;
		};
		DFB107DE1903ECF70038FB05 /* Debug */ = {
			isa = XCBuildConfiguration;
			baseConfigurationReference = C5ABBE7FDE09469EB79B80B2 /* Pods-BKPasscodeViewDemo.xcconfig */;
			buildSettings = {
				ASSETCATALOG_COMPILER_APPICON_NAME = AppIcon;
				ASSETCATALOG_COMPILER_LAUNCHIMAGE_NAME = LaunchImage;
				CODE_SIGN_IDENTITY = "iPhone Developer";
				"CODE_SIGN_IDENTITY[sdk=iphoneos*]" = "iPhone Developer";
				GCC_PRECOMPILE_PREFIX_HEADER = YES;
				GCC_PREFIX_HEADER = "BKPasscodeViewDemo/BKPasscodeViewDemo-Prefix.pch";
				HEADER_SEARCH_PATHS = (
					"$(inherited)",
					/Applications/Xcode.app/Contents/Developer/Toolchains/XcodeDefault.xctoolchain/usr/include,
					"$(SRCROOT)/Externals/**",
				);
				INFOPLIST_FILE = "BKPasscodeViewDemo/BKPasscodeViewDemo-Info.plist";
				IPHONEOS_DEPLOYMENT_TARGET = 6.0;
				PRODUCT_NAME = "$(TARGET_NAME)";
				PROVISIONING_PROFILE = "";
				WRAPPER_EXTENSION = app;
			};
			name = Debug;
		};
		DFB107DF1903ECF70038FB05 /* Release */ = {
			isa = XCBuildConfiguration;
			baseConfigurationReference = C5ABBE7FDE09469EB79B80B2 /* Pods-BKPasscodeViewDemo.xcconfig */;
			buildSettings = {
				ASSETCATALOG_COMPILER_APPICON_NAME = AppIcon;
				ASSETCATALOG_COMPILER_LAUNCHIMAGE_NAME = LaunchImage;
				CODE_SIGN_IDENTITY = "iPhone Developer";
				"CODE_SIGN_IDENTITY[sdk=iphoneos*]" = "iPhone Developer";
				GCC_PRECOMPILE_PREFIX_HEADER = YES;
				GCC_PREFIX_HEADER = "BKPasscodeViewDemo/BKPasscodeViewDemo-Prefix.pch";
				HEADER_SEARCH_PATHS = (
					"$(inherited)",
					/Applications/Xcode.app/Contents/Developer/Toolchains/XcodeDefault.xctoolchain/usr/include,
					"$(SRCROOT)/Externals/**",
				);
				INFOPLIST_FILE = "BKPasscodeViewDemo/BKPasscodeViewDemo-Info.plist";
				IPHONEOS_DEPLOYMENT_TARGET = 6.0;
				PRODUCT_NAME = "$(TARGET_NAME)";
				PROVISIONING_PROFILE = "";
				WRAPPER_EXTENSION = app;
			};
			name = Release;
		};
		DFB107E11903ECF70038FB05 /* Debug */ = {
			isa = XCBuildConfiguration;
			buildSettings = {
				BUNDLE_LOADER = "$(BUILT_PRODUCTS_DIR)/BKPasscodeViewDemo.app/BKPasscodeViewDemo";
				FRAMEWORK_SEARCH_PATHS = (
					"$(SDKROOT)/Developer/Library/Frameworks",
					"$(inherited)",
					"$(DEVELOPER_FRAMEWORKS_DIR)",
				);
				GCC_PRECOMPILE_PREFIX_HEADER = YES;
				GCC_PREFIX_HEADER = "BKPasscodeViewDemo/BKPasscodeViewDemo-Prefix.pch";
				GCC_PREPROCESSOR_DEFINITIONS = (
					"DEBUG=1",
					"$(inherited)",
				);
				INFOPLIST_FILE = "BKPasscodeViewDemoTests/BKPasscodeViewDemoTests-Info.plist";
				PRODUCT_NAME = "$(TARGET_NAME)";
				TEST_HOST = "$(BUNDLE_LOADER)";
				WRAPPER_EXTENSION = xctest;
			};
			name = Debug;
		};
		DFB107E21903ECF70038FB05 /* Release */ = {
			isa = XCBuildConfiguration;
			buildSettings = {
				BUNDLE_LOADER = "$(BUILT_PRODUCTS_DIR)/BKPasscodeViewDemo.app/BKPasscodeViewDemo";
				FRAMEWORK_SEARCH_PATHS = (
					"$(SDKROOT)/Developer/Library/Frameworks",
					"$(inherited)",
					"$(DEVELOPER_FRAMEWORKS_DIR)",
				);
				GCC_PRECOMPILE_PREFIX_HEADER = YES;
				GCC_PREFIX_HEADER = "BKPasscodeViewDemo/BKPasscodeViewDemo-Prefix.pch";
				INFOPLIST_FILE = "BKPasscodeViewDemoTests/BKPasscodeViewDemoTests-Info.plist";
				PRODUCT_NAME = "$(TARGET_NAME)";
				TEST_HOST = "$(BUNDLE_LOADER)";
				WRAPPER_EXTENSION = xctest;
			};
			name = Release;
		};
/* End XCBuildConfiguration section */

/* Begin XCConfigurationList section */
		DFB107AC1903ECF70038FB05 /* Build configuration list for PBXProject "BKPasscodeViewDemo" */ = {
			isa = XCConfigurationList;
			buildConfigurations = (
				DFB107DB1903ECF70038FB05 /* Debug */,
				DFB107DC1903ECF70038FB05 /* Release */,
			);
			defaultConfigurationIsVisible = 0;
			defaultConfigurationName = Release;
		};
		DFB107DD1903ECF70038FB05 /* Build configuration list for PBXNativeTarget "BKPasscodeViewDemo" */ = {
			isa = XCConfigurationList;
			buildConfigurations = (
				DFB107DE1903ECF70038FB05 /* Debug */,
				DFB107DF1903ECF70038FB05 /* Release */,
			);
			defaultConfigurationIsVisible = 0;
			defaultConfigurationName = Release;
		};
		DFB107E01903ECF70038FB05 /* Build configuration list for PBXNativeTarget "BKPasscodeViewDemoTests" */ = {
			isa = XCConfigurationList;
			buildConfigurations = (
				DFB107E11903ECF70038FB05 /* Debug */,
				DFB107E21903ECF70038FB05 /* Release */,
			);
			defaultConfigurationIsVisible = 0;
			defaultConfigurationName = Release;
		};
/* End XCConfigurationList section */
	};
	rootObject = DFB107A91903ECF70038FB05 /* Project object */;
}
